
Microsoft Visual Studio Solution File, Format Version 12.00
# Visual Studio 15
VisualStudioVersion = 15.0.27428.2015
MinimumVisualStudioVersion = 10.0.40219.1
Project("{FAE04EC0-301F-11D3-BF4B-00C04F79EFBC}") = "LinkedInClient", "LinkedInClient\LinkedInClient.csproj", "{09AAADF7-FF22-420F-A26C-5E0015F00AC5}"
EndProject
Global
	GlobalSection(SolutionConfigurationPlatforms) = preSolution
		Debug|Any CPU = Debug|Any CPU
		Release|Any CPU = Release|Any CPU
	EndGlobalSection
	GlobalSection(ProjectConfigurationPlatforms) = postSolution
		{09AAADF7-FF22-420F-A26C-5E0015F00AC5}.Debug|Any CPU.ActiveCfg = Debug|Any CPU
		{09AAADF7-FF22-420F-A26C-5E0015F00AC5}.Debug|Any CPU.Build.0 = Debug|Any CPU
		{09AAADF7-FF22-420F-A26C-5E0015F00AC5}.Release|Any CPU.ActiveCfg = Release|Any CPU
		{09AAADF7-FF22-420F-A26C-5E0015F00AC5}.Release|Any CPU.Build.0 = Release|Any CPU
	EndGlobalSection
	GlobalSection(SolutionProperties) = preSolution
		HideSolutionNode = FALSE
	EndGlobalSection
	GlobalSection(ExtensibilityGlobals) = postSolution
		SolutionGuid = {81ED9C26-D9FD-40BC-A64B-A0807AA93D59}
	EndGlobalSection
EndGlobal
