
Microsoft Visual Studio Solution File, Format Version 12.00
# Visual Studio 2012
Project("{FAE04EC0-301F-11D3-BF4B-00C04F79EFBC}") = "LinkedInClientSample.Android", "LinkedInClientSample.Android\LinkedInClientSample.Android.csproj", "{11606289-4811-40D3-875A-4F9A379CAB8D}"
EndProject
Project("{FAE04EC0-301F-11D3-BF4B-00C04F79EFBC}") = "LinkedInClientSample.iOS", "LinkedInClientSample.iOS\LinkedInClientSample.iOS.csproj", "{C0D5E75E-B6BE-40CB-B0DE-C2E98C9932B3}"
EndProject
Project("{D954291E-2A0B-460D-934E-DC6B0785DB48}") = "LinkedInClientSample", "LinkedInClientSample\LinkedInClientSample.shproj", "{BDFC5911-8D34-4654-B41A-68AC3014A645}"
EndProject
Global
	GlobalSection(SolutionConfigurationPlatforms) = preSolution
		Debug|Any CPU = Debug|Any CPU
		Release|Any CPU = Release|Any CPU
		Debug|iPhoneSimulator = Debug|iPhoneSimulator
		Release|iPhoneSimulator = Release|iPhoneSimulator
		Debug|iPhone = Debug|iPhone
		Release|iPhone = Release|iPhone
		Ad-Hoc|iPhone = Ad-Hoc|iPhone
		AppStore|iPhone = AppStore|iPhone
	EndGlobalSection
	GlobalSection(ProjectConfigurationPlatforms) = postSolution
		{11606289-4811-40D3-875A-4F9A379CAB8D}.Debug|Any CPU.ActiveCfg = Debug|Any CPU
		{11606289-4811-40D3-875A-4F9A379CAB8D}.Debug|Any CPU.Build.0 = Debug|Any CPU
		{11606289-4811-40D3-875A-4F9A379CAB8D}.Release|Any CPU.ActiveCfg = Release|Any CPU
		{11606289-4811-40D3-875A-4F9A379CAB8D}.Release|Any CPU.Build.0 = Release|Any CPU
		{11606289-4811-40D3-875A-4F9A379CAB8D}.Debug|iPhoneSimulator.ActiveCfg = Debug|Any CPU
		{11606289-4811-40D3-875A-4F9A379CAB8D}.Debug|iPhoneSimulator.Build.0 = Debug|Any CPU
		{11606289-4811-40D3-875A-4F9A379CAB8D}.Release|iPhoneSimulator.ActiveCfg = Release|Any CPU
		{11606289-4811-40D3-875A-4F9A379CAB8D}.Release|iPhoneSimulator.Build.0 = Release|Any CPU
		{11606289-4811-40D3-875A-4F9A379CAB8D}.Debug|iPhone.ActiveCfg = Debug|Any CPU
		{11606289-4811-40D3-875A-4F9A379CAB8D}.Debug|iPhone.Build.0 = Debug|Any CPU
		{11606289-4811-40D3-875A-4F9A379CAB8D}.Release|iPhone.ActiveCfg = Release|Any CPU
		{11606289-4811-40D3-875A-4F9A379CAB8D}.Release|iPhone.Build.0 = Release|Any CPU
		{11606289-4811-40D3-875A-4F9A379CAB8D}.Ad-Hoc|iPhone.ActiveCfg = Debug|Any CPU
		{11606289-4811-40D3-875A-4F9A379CAB8D}.Ad-Hoc|iPhone.Build.0 = Debug|Any CPU
		{11606289-4811-40D3-875A-4F9A379CAB8D}.AppStore|iPhone.ActiveCfg = Debug|Any CPU
		{11606289-4811-40D3-875A-4F9A379CAB8D}.AppStore|iPhone.Build.0 = Debug|Any CPU
		{C0D5E75E-B6BE-40CB-B0DE-C2E98C9932B3}.Debug|Any CPU.ActiveCfg = Debug|iPhoneSimulator
		{C0D5E75E-B6BE-40CB-B0DE-C2E98C9932B3}.Debug|Any CPU.Build.0 = Debug|iPhoneSimulator
		{C0D5E75E-B6BE-40CB-B0DE-C2E98C9932B3}.Release|Any CPU.ActiveCfg = Release|iPhoneSimulator
		{C0D5E75E-B6BE-40CB-B0DE-C2E98C9932B3}.Release|Any CPU.Build.0 = Release|iPhoneSimulator
		{C0D5E75E-B6BE-40CB-B0DE-C2E98C9932B3}.Debug|iPhoneSimulator.ActiveCfg = Debug|iPhoneSimulator
		{C0D5E75E-B6BE-40CB-B0DE-C2E98C9932B3}.Debug|iPhoneSimulator.Build.0 = Debug|iPhoneSimulator
		{C0D5E75E-B6BE-40CB-B0DE-C2E98C9932B3}.Release|iPhoneSimulator.ActiveCfg = Release|iPhoneSimulator
		{C0D5E75E-B6BE-40CB-B0DE-C2E98C9932B3}.Release|iPhoneSimulator.Build.0 = Release|iPhoneSimulator
		{C0D5E75E-B6BE-40CB-B0DE-C2E98C9932B3}.Debug|iPhone.ActiveCfg = Debug|iPhone
		{C0D5E75E-B6BE-40CB-B0DE-C2E98C9932B3}.Debug|iPhone.Build.0 = Debug|iPhone
		{C0D5E75E-B6BE-40CB-B0DE-C2E98C9932B3}.Release|iPhone.ActiveCfg = Release|iPhone
		{C0D5E75E-B6BE-40CB-B0DE-C2E98C9932B3}.Release|iPhone.Build.0 = Release|iPhone
		{C0D5E75E-B6BE-40CB-B0DE-C2E98C9932B3}.Ad-Hoc|iPhone.ActiveCfg = Ad-Hoc|iPhone
		{C0D5E75E-B6BE-40CB-B0DE-C2E98C9932B3}.Ad-Hoc|iPhone.Build.0 = Ad-Hoc|iPhone
		{C0D5E75E-B6BE-40CB-B0DE-C2E98C9932B3}.AppStore|iPhone.ActiveCfg = AppStore|iPhone
		{C0D5E75E-B6BE-40CB-B0DE-C2E98C9932B3}.AppStore|iPhone.Build.0 = AppStore|iPhone
	EndGlobalSection
EndGlobal
